{
  "pins" : [
    {
      "identity" : "intercom-ios-sp",
      "kind" : "remoteSourceControl",
      "location" : "https://github.com/intercom/intercom-ios-sp.git",
      "state" : {
        "revision" : "d16b74e358073c91c0462dcc3de4629649f0d6d3",
        "version" : "19.5.1"
      }
    }
  ],
  "version" : 2
}
